
Microsoft Visual Studio Solution File, Format Version 12.00
# Visual Studio Version 17
VisualStudioVersion = 17.2.32526.322
MinimumVisualStudioVersion = 10.0.40219.1
Project("{FAE04EC0-301F-11D3-BF4B-00C04F79EFBC}") = "al-flaisa3", "al-flaisa3.csproj", "{AAC00666-1502-4466-B48A-729A3B52798D}"
EndProject
Global
	GlobalSection(SolutionConfigurationPlatforms) = preSolution
		Debug|Any CPU = Debug|Any CPU
		Release|Any CPU = Release|Any CPU
	EndGlobalSection
	GlobalSection(ProjectConfigurationPlatforms) = postSolution
		{AAC00666-1502-4466-B48A-729A3B52798D}.Debug|Any CPU.ActiveCfg = Debug|Any CPU
		{AAC00666-1502-4466-B48A-729A3B52798D}.Debug|Any CPU.Build.0 = Debug|Any CPU
		{AAC00666-1502-4466-B48A-729A3B52798D}.Release|Any CPU.ActiveCfg = Release|Any CPU
		{AAC00666-1502-4466-B48A-729A3B52798D}.Release|Any CPU.Build.0 = Release|Any CPU
	EndGlobalSection
	GlobalSection(SolutionProperties) = preSolution
		HideSolutionNode = FALSE
	EndGlobalSection
	GlobalSection(ExtensibilityGlobals) = postSolution
		SolutionGuid = {22C18D01-DB67-4779-AB33-7D0392C57FCA}
	EndGlobalSection
EndGlobal
